<?xml version="1.0" encoding="utf-8"?>
<Project ToolsVersion="4.0" xmlns="http://schemas.microsoft.com/developer/msbuild/2003">
  <ItemGroup>
    <Filter Include="Source Files">
      <UniqueIdentifier>{4FC737F1-C7A5-4376-A066-2A32D752A2FF}</UniqueIdentifier>
      <Extensions>cpp;c;cc;cxx;def;odl;idl;hpj;bat;asm;asmx</Extensions>
    </Filter>
    <Filter Include="Header Files">
      <UniqueIdentifier>{93995380-89BD-4b04-88EB-625FBE52EBFB}</UniqueIdentifier>
      <Extensions>h;hh;hpp;hxx;hm;inl;inc;xsd</Extensions>
    </Filter>
    <Filter Include="Resource Files">
      <UniqueIdentifier>{67DA6AB6-F800-4c08-8B7A-83BB121AAD01}</UniqueIdentifier>
      <Extensions>rc;ico;cur;bmp;dlg;rc2;rct;bin;rgs;gif;jpg;jpeg;jpe;resx;tiff;tif;png;wav;mfcribbon-ms</Extensions>
    </Filter>
    <Filter Include="Header Files\System">
      <UniqueIdentifier>{8fdec653-c3cc-44d4-926c-1e8a668c0ad0}</UniqueIdentifier>
    </Filter>
    <Filter Include="Header Files\System\Collections">
      <UniqueIdentifier>{e193f906-2775-4190-b4ae-5d12597d61c6}</UniqueIdentifier>
    </Filter>
    <Filter Include="Header Files\System\Collections\Generic">
      <UniqueIdentifier>{1e559be6-607f-47b5-bbeb-447cf356099f}</UniqueIdentifier>
    </Filter>
  </ItemGroup>
  <ItemGroup>
    <ClCompile Include="main.cpp">
      <Filter>Source Files</Filter>
    </ClCompile>
    <ClCompile Include="Object.cpp">
      <Filter>Source Files</Filter>
    </ClCompile>
    <ClCompile Include="String.cpp">
      <Filter>Source Files</Filter>
    </ClCompile>
    <ClCompile Include="Boolean.cpp">
      <Filter>Source Files</Filter>
    </ClCompile>
    <ClCompile Include="SizeType.cpp">
      <Filter>Source Files</Filter>
    </ClCompile>
    <ClCompile Include="Int32.cpp">
      <Filter>Source Files</Filter>
    </ClCompile>
  </ItemGroup>
  <ItemGroup>
    <ClInclude Include="SizeType.hpp">
      <Filter>Header Files</Filter>
    </ClInclude>
    <ClInclude Include="Countable.hpp">
      <Filter>Header Files</Filter>
    </ClInclude>
    <ClInclude Include="Maybe.hpp">
      <Filter>Header Files</Filter>
    </ClInclude>
    <ClInclude Include="ReferenceCountable.hpp">
      <Filter>Header Files</Filter>
    </ClInclude>
    <ClInclude Include="Reference.hpp">
      <Filter>Header Files</Filter>
    </ClInclude>
    <ClInclude Include="IEnumerable.hpp">
      <Filter>Header Files\System\Collections\Generic</Filter>
    </ClInclude>
    <ClInclude Include="IEnumerator.hpp">
      <Filter>Header Files\System\Collections\Generic</Filter>
    </ClInclude>
    <ClInclude Include="ICollection.hpp">
      <Filter>Header Files\System\Collections\Generic</Filter>
    </ClInclude>
    <ClInclude Include="String.hpp">
      <Filter>Header Files\System</Filter>
    </ClInclude>
    <ClInclude Include="Object.hpp">
      <Filter>Header Files\System</Filter>
    </ClInclude>
    <ClInclude Include="Boolean.hpp">
      <Filter>Header Files\System</Filter>
    </ClInclude>
    <ClInclude Include="Int32.hpp">
      <Filter>Header Files\System</Filter>
    </ClInclude>
  </ItemGroup>
</Project>