
Microsoft Visual Studio Solution File, Format Version 12.00
# Visual Studio 15
VisualStudioVersion = 15.0.26430.12
MinimumVisualStudioVersion = 10.0.40219.1
Project("{FAE04EC0-301F-11D3-BF4B-00C04F79EFBC}") = "DotNetAntlr4Consumer", "DotNetAntlr4Consumer\DotNetAntlr4Consumer.csproj", "{C9A3B31A-8A81-4344-B13C-15D2BE73CD56}"
EndProject
Global
	GlobalSection(SolutionConfigurationPlatforms) = preSolution
		Debug|Any CPU = Debug|Any CPU
		Release|Any CPU = Release|Any CPU
	EndGlobalSection
	GlobalSection(ProjectConfigurationPlatforms) = postSolution
		{C9A3B31A-8A81-4344-B13C-15D2BE73CD56}.Debug|Any CPU.ActiveCfg = Debug|Any CPU
		{C9A3B31A-8A81-4344-B13C-15D2BE73CD56}.Debug|Any CPU.Build.0 = Debug|Any CPU
		{C9A3B31A-8A81-4344-B13C-15D2BE73CD56}.Release|Any CPU.ActiveCfg = Release|Any CPU
		{C9A3B31A-8A81-4344-B13C-15D2BE73CD56}.Release|Any CPU.Build.0 = Release|Any CPU
	EndGlobalSection
	GlobalSection(SolutionProperties) = preSolution
		HideSolutionNode = FALSE
	EndGlobalSection
EndGlobal
